
Microsoft Visual Studio Solution File, Format Version 12.00
# Visual Studio Version 16
VisualStudioVersion = 16.0.30413.136
MinimumVisualStudioVersion = 10.0.40219.1
Project("{FAE04EC0-301F-11D3-BF4B-00C04F79EFBC}") = "Gigi", "Gigi.csproj", "{576211AC-651F-4259-98D6-7B2F3B3D45E9}"
EndProject
Global
	GlobalSection(SolutionConfigurationPlatforms) = preSolution
		Debug|Any CPU = Debug|Any CPU
		Release|Any CPU = Release|Any CPU
	EndGlobalSection
	GlobalSection(ProjectConfigurationPlatforms) = postSolution
		{576211AC-651F-4259-98D6-7B2F3B3D45E9}.Debug|Any CPU.ActiveCfg = Debug|Any CPU
		{576211AC-651F-4259-98D6-7B2F3B3D45E9}.Debug|Any CPU.Build.0 = Debug|Any CPU
		{576211AC-651F-4259-98D6-7B2F3B3D45E9}.Release|Any CPU.ActiveCfg = Release|Any CPU
		{576211AC-651F-4259-98D6-7B2F3B3D45E9}.Release|Any CPU.Build.0 = Release|Any CPU
	EndGlobalSection
	GlobalSection(SolutionProperties) = preSolution
		HideSolutionNode = FALSE
	EndGlobalSection
	GlobalSection(ExtensibilityGlobals) = postSolution
		SolutionGuid = {78944710-3200-4A5A-AD04-0C4808C2F43D}
	EndGlobalSection
EndGlobal
